
Microsoft Visual Studio Solution File, Format Version 12.00
# Visual Studio Version 16
VisualStudioVersion = 16.0.29009.5
MinimumVisualStudioVersion = 10.0.40219.1
Project("{9A19103F-16F7-4668-BE54-9A1E7A4F7556}") = "EgosaToolAPI", "EgosaToolAPI.csproj", "{D1AEE8EB-0F05-4557-9E77-B3991EB3AE3C}"
EndProject
Global
	GlobalSection(SolutionConfigurationPlatforms) = preSolution
		Debug|Any CPU = Debug|Any CPU
		Release|Any CPU = Release|Any CPU
	EndGlobalSection
	GlobalSection(ProjectConfigurationPlatforms) = postSolution
		{D1AEE8EB-0F05-4557-9E77-B3991EB3AE3C}.Debug|Any CPU.ActiveCfg = Debug|Any CPU
		{D1AEE8EB-0F05-4557-9E77-B3991EB3AE3C}.Debug|Any CPU.Build.0 = Debug|Any CPU
		{D1AEE8EB-0F05-4557-9E77-B3991EB3AE3C}.Release|Any CPU.ActiveCfg = Release|Any CPU
		{D1AEE8EB-0F05-4557-9E77-B3991EB3AE3C}.Release|Any CPU.Build.0 = Release|Any CPU
	EndGlobalSection
	GlobalSection(SolutionProperties) = preSolution
		HideSolutionNode = FALSE
	EndGlobalSection
	GlobalSection(ExtensibilityGlobals) = postSolution
		SolutionGuid = {635333A9-B439-4A78-A1C3-07F15E3BA10B}
	EndGlobalSection
EndGlobal
